// !$*UTF8*$!
{
	archiveVersion = 1;
	classes = {
	};
	objectVersion = 51;
	objects = {

/* Begin PBXBuildFile section */
		5B165014228041A300065363 /* SmartCalculator.swift in Sources */ = {isa = PBXBuildFile; fileRef = 5B165013228041A300065363 /* SmartCalculator.swift */; };
		5B17461E2250DB4F00EAFDF4 /* AllFunction.swift in Sources */ = {isa = PBXBuildFile; fileRef = 5B17461D2250DB4F00EAFDF4 /* AllFunction.swift */; };
		5B17462022510C8500EAFDF4 /* ScannerBarCode.swift in Sources */ = {isa = PBXBuildFile; fileRef = 5B17461F22510C8500EAFDF4 /* ScannerBarCode.swift */; };
		5B1F057222B3F362003069A4 /* HeadCollectionTable.swift in Sources */ = {isa = PBXBuildFile; fileRef = 5B1F057122B3F362003069A4 /* HeadCollectionTable.swift */; };
		5B1F057422BBC38D003069A4 /* HeadCollectionCell.swift in Sources */ = {isa = PBXBuildFile; fileRef = 5B1F057322BBC38D003069A4 /* HeadCollectionCell.swift */; };
		5B1F057622BBD331003069A4 /* DetailViewCollection.swift in Sources */ = {isa = PBXBuildFile; fileRef = 5B1F057522BBD331003069A4 /* DetailViewCollection.swift */; };
		5B5E356C22DE77040051A3FF /* ViewController.swift in Sources */ = {isa = PBXBuildFile; fileRef = 5B5E356B22DE77040051A3FF /* ViewController.swift */; };
		5B8F7B1B2279ED9D00105E32 /* SaveNewAroma.swift in Sources */ = {isa = PBXBuildFile; fileRef = 5B8F7B1A2279ED9D00105E32 /* SaveNewAroma.swift */; };
		5B8F7B1D2279F1E800105E32 /* AromaItem.swift in Sources */ = {isa = PBXBuildFile; fileRef = 5B8F7B1C2279F1E700105E32 /* AromaItem.swift */; };
		5B9019FB22551F9A007A8FF0 /* CreateOwnLiquid.swift in Sources */ = {isa = PBXBuildFile; fileRef = 5B9019FA22551F9A007A8FF0 /* CreateOwnLiquid.swift */; };
		5BA6ECFE227493970095AC55 /* GoogleService-Info.plist in Resources */ = {isa = PBXBuildFile; fileRef = 5BA6ECFD227493970095AC55 /* GoogleService-Info.plist */; };
		5BC2442022EA2C6600870D57 /* Storyboard.storyboard in Resources */ = {isa = PBXBuildFile; fileRef = 5BC2441F22EA2C6600870D57 /* Storyboard.storyboard */; };
		5BCFB48322B28CF800F60E91 /* readyProduct.swift in Sources */ = {isa = PBXBuildFile; fileRef = 5BCFB48222B28CF800F60E91 /* readyProduct.swift */; };
		5BF7CA87223667FF0097CE33 /* AppDelegate.swift in Sources */ = {isa = PBXBuildFile; fileRef = 5BF7CA86223667FF0097CE33 /* AppDelegate.swift */; };
		5BF7CA8C223667FF0097CE33 /* Main.storyboard in Resources */ = {isa = PBXBuildFile; fileRef = 5BF7CA8A223667FF0097CE33 /* Main.storyboard */; };
		5BF7CA8F223667FF0097CE33 /* E_somke.xcdatamodeld in Sources */ = {isa = PBXBuildFile; fileRef = 5BF7CA8D223667FF0097CE33 /* E_somke.xcdatamodeld */; };
		5BF7CA91223668020097CE33 /* Assets.xcassets in Resources */ = {isa = PBXBuildFile; fileRef = 5BF7CA90223668020097CE33 /* Assets.xcassets */; };
		5BF7CA9C223BB1520097CE33 /* SimpleCalculator.swift in Sources */ = {isa = PBXBuildFile; fileRef = 5BF7CA9B223BB1510097CE33 /* SimpleCalculator.swift */; };
		E1565F1909DD0417350160E7 /* Pods_E_somke.framework in Frameworks */ = {isa = PBXBuildFile; fileRef = 4B3D602BA168D971427DCA34 /* Pods_E_somke.framework */; };
/* End PBXBuildFile section */

/* Begin PBXFileReference section */
		4A6089E0B8E2A4156B9A57AE /* Pods-E-somke.debug.xcconfig */ = {isa = PBXFileReference; includeInIndex = 1; lastKnownFileType = text.xcconfig; name = "Pods-E-somke.debug.xcconfig"; path = "Target Support Files/Pods-E-somke/Pods-E-somke.debug.xcconfig"; sourceTree = "<group>"; };
		4B3D602BA168D971427DCA34 /* Pods_E_somke.framework */ = {isa = PBXFileReference; explicitFileType = wrapper.framework; includeInIndex = 0; path = Pods_E_somke.framework; sourceTree = BUILT_PRODUCTS_DIR; };
		5B165013228041A300065363 /* SmartCalculator.swift */ = {isa = PBXFileReference; lastKnownFileType = sourcecode.swift; path = SmartCalculator.swift; sourceTree = "<group>"; };
		5B17461D2250DB4F00EAFDF4 /* AllFunction.swift */ = {isa = PBXFileReference; lastKnownFileType = sourcecode.swift; path = AllFunction.swift; sourceTree = "<group>"; };
		5B17461F22510C8500EAFDF4 /* ScannerBarCode.swift */ = {isa = PBXFileReference; lastKnownFileType = sourcecode.swift; path = ScannerBarCode.swift; sourceTree = "<group>"; };
		5B1F057122B3F362003069A4 /* HeadCollectionTable.swift */ = {isa = PBXFileReference; lastKnownFileType = sourcecode.swift; path = HeadCollectionTable.swift; sourceTree = "<group>"; };
		5B1F057322BBC38D003069A4 /* HeadCollectionCell.swift */ = {isa = PBXFileReference; lastKnownFileType = sourcecode.swift; path = HeadCollectionCell.swift; sourceTree = "<group>"; };
		5B1F057522BBD331003069A4 /* DetailViewCollection.swift */ = {isa = PBXFileReference; lastKnownFileType = sourcecode.swift; path = DetailViewCollection.swift; sourceTree = "<group>"; };
		5B5AEB7622F03DD200099D7B /* pl */ = {isa = PBXFileReference; lastKnownFileType = text.plist.strings; name = pl; path = pl.lproj/Main.strings; sourceTree = "<group>"; };
		5B5E356B22DE77040051A3FF /* ViewController.swift */ = {isa = PBXFileReference; fileEncoding = 4; lastKnownFileType = sourcecode.swift; path = ViewController.swift; sourceTree = "<group>"; };
		5B8F7B1A2279ED9D00105E32 /* SaveNewAroma.swift */ = {isa = PBXFileReference; lastKnownFileType = sourcecode.swift; path = SaveNewAroma.swift; sourceTree = "<group>"; };
		5B8F7B1C2279F1E700105E32 /* AromaItem.swift */ = {isa = PBXFileReference; fileEncoding = 4; lastKnownFileType = sourcecode.swift; path = AromaItem.swift; sourceTree = "<group>"; };
		5B9019FA22551F9A007A8FF0 /* CreateOwnLiquid.swift */ = {isa = PBXFileReference; lastKnownFileType = sourcecode.swift; path = CreateOwnLiquid.swift; sourceTree = "<group>"; };
		5BA6ECFD227493970095AC55 /* GoogleService-Info.plist */ = {isa = PBXFileReference; fileEncoding = 4; lastKnownFileType = text.plist.xml; path = "GoogleService-Info.plist"; sourceTree = "<group>"; };
		5BC2441C22E4C93100870D57 /* E-somke.entitlements */ = {isa = PBXFileReference; lastKnownFileType = text.plist.entitlements; path = "E-somke.entitlements"; sourceTree = "<group>"; };
		5BC2441F22EA2C6600870D57 /* Storyboard.storyboard */ = {isa = PBXFileReference; lastKnownFileType = file.storyboard; path = Storyboard.storyboard; sourceTree = "<group>"; };
		5BCFB48222B28CF800F60E91 /* readyProduct.swift */ = {isa = PBXFileReference; lastKnownFileType = sourcecode.swift; path = readyProduct.swift; sourceTree = "<group>"; };
		5BF7CA83223667FF0097CE33 /* E-somke.app */ = {isa = PBXFileReference; explicitFileType = wrapper.application; includeInIndex = 0; path = "E-somke.app"; sourceTree = BUILT_PRODUCTS_DIR; };
		5BF7CA86223667FF0097CE33 /* AppDelegate.swift */ = {isa = PBXFileReference; lastKnownFileType = sourcecode.swift; path = AppDelegate.swift; sourceTree = "<group>"; };
		5BF7CA8B223667FF0097CE33 /* Base */ = {isa = PBXFileReference; lastKnownFileType = file.storyboard; name = Base; path = Base.lproj/Main.storyboard; sourceTree = "<group>"; };
		5BF7CA8E223667FF0097CE33 /* E_somke.xcdatamodel */ = {isa = PBXFileReference; lastKnownFileType = wrapper.xcdatamodel; path = E_somke.xcdatamodel; sourceTree = "<group>"; };
		5BF7CA90223668020097CE33 /* Assets.xcassets */ = {isa = PBXFileReference; lastKnownFileType = folder.assetcatalog; path = Assets.xcassets; sourceTree = "<group>"; };
		5BF7CA95223668020097CE33 /* Info.plist */ = {isa = PBXFileReference; lastKnownFileType = text.plist.xml; path = Info.plist; sourceTree = "<group>"; };
		5BF7CA9B223BB1510097CE33 /* SimpleCalculator.swift */ = {isa = PBXFileReference; lastKnownFileType = sourcecode.swift; path = SimpleCalculator.swift; sourceTree = "<group>"; };
		ECF3912C6641BE1A51C5A34F /* Pods-E-somke.release.xcconfig */ = {isa = PBXFileReference; includeInIndex = 1; lastKnownFileType = text.xcconfig; name = "Pods-E-somke.release.xcconfig"; path = "Target Support Files/Pods-E-somke/Pods-E-somke.release.xcconfig"; sourceTree = "<group>"; };
/* End PBXFileReference section */

/* Begin PBXFrameworksBuildPhase section */
		5BF7CA80223667FF0097CE33 /* Frameworks */ = {
			isa = PBXFrameworksBuildPhase;
			buildActionMask = 2147483647;
			files = (
				E1565F1909DD0417350160E7 /* Pods_E_somke.framework in Frameworks */,
			);
			runOnlyForDeploymentPostprocessing = 0;
		};
/* End PBXFrameworksBuildPhase section */

/* Begin PBXGroup section */
		12DA771BA2BB1BF79EB50286 /* Frameworks */ = {
			isa = PBXGroup;
			children = (
				4B3D602BA168D971427DCA34 /* Pods_E_somke.framework */,
			);
			name = Frameworks;
			sourceTree = "<group>";
		};
		486604DBBB9BA872D66D4D40 /* Pods */ = {
			isa = PBXGroup;
			children = (
				4A6089E0B8E2A4156B9A57AE /* Pods-E-somke.debug.xcconfig */,
				ECF3912C6641BE1A51C5A34F /* Pods-E-somke.release.xcconfig */,
			);
			path = Pods;
			sourceTree = "<group>";
		};
		5B165011228040CA00065363 /* smart Calculator */ = {
			isa = PBXGroup;
			children = (
				5B8F7B1A2279ED9D00105E32 /* SaveNewAroma.swift */,
				5B9019FA22551F9A007A8FF0 /* CreateOwnLiquid.swift */,
				5B17461F22510C8500EAFDF4 /* ScannerBarCode.swift */,
				5B165013228041A300065363 /* SmartCalculator.swift */,
				5BCFB48222B28CF800F60E91 /* readyProduct.swift */,
			);
			path = "smart Calculator";
			sourceTree = "<group>";
		};
		5B1650122280410C00065363 /* other file */ = {
			isa = PBXGroup;
			children = (
				5B17461D2250DB4F00EAFDF4 /* AllFunction.swift */,
				5B8F7B1C2279F1E700105E32 /* AromaItem.swift */,
			);
			path = "other file";
			sourceTree = "<group>";
		};
		5B31D6FA2241559700F3CCF5 /* SimpleCalculator */ = {
			isa = PBXGroup;
			children = (
				5BF7CA9B223BB1510097CE33 /* SimpleCalculator.swift */,
			);
			path = SimpleCalculator;
			sourceTree = "<group>";
		};
		5BCFB48522B3F23B00F60E91 /* Collection Liquid */ = {
			isa = PBXGroup;
			children = (
				5B1F057122B3F362003069A4 /* HeadCollectionTable.swift */,
				5B1F057322BBC38D003069A4 /* HeadCollectionCell.swift */,
				5B1F057522BBD331003069A4 /* DetailViewCollection.swift */,
			);
			path = "Collection Liquid";
			sourceTree = "<group>";
		};
		5BF7CA7A223667FF0097CE33 = {
			isa = PBXGroup;
			children = (
				5BF7CA85223667FF0097CE33 /* E-somke */,
				5BF7CA84223667FF0097CE33 /* Products */,
				486604DBBB9BA872D66D4D40 /* Pods */,
				12DA771BA2BB1BF79EB50286 /* Frameworks */,
			);
			sourceTree = "<group>";
		};
		5BF7CA84223667FF0097CE33 /* Products */ = {
			isa = PBXGroup;
			children = (
				5BF7CA83223667FF0097CE33 /* E-somke.app */,
			);
			name = Products;
			sourceTree = "<group>";
		};
		5BF7CA85223667FF0097CE33 /* E-somke */ = {
			isa = PBXGroup;
			children = (
				5BC2441C22E4C93100870D57 /* E-somke.entitlements */,
				5BF7CA86223667FF0097CE33 /* AppDelegate.swift */,
				5B1650122280410C00065363 /* other file */,
				5BF7CA8A223667FF0097CE33 /* Main.storyboard */,
				5BC2441F22EA2C6600870D57 /* Storyboard.storyboard */,
				5B5E356B22DE77040051A3FF /* ViewController.swift */,
				5BF7CA90223668020097CE33 /* Assets.xcassets */,
				5BCFB48522B3F23B00F60E91 /* Collection Liquid */,
				5B165011228040CA00065363 /* smart Calculator */,
				5B31D6FA2241559700F3CCF5 /* SimpleCalculator */,
				5BF7CA95223668020097CE33 /* Info.plist */,
				5BA6ECFD227493970095AC55 /* GoogleService-Info.plist */,
				5BF7CA8D223667FF0097CE33 /* E_somke.xcdatamodeld */,
			);
			path = "E-somke";
			sourceTree = "<group>";
		};
/* End PBXGroup section */

/* Begin PBXNativeTarget section */
		5BF7CA82223667FF0097CE33 /* E-somke */ = {
			isa = PBXNativeTarget;
			buildConfigurationList = 5BF7CA98223668020097CE33 /* Build configuration list for PBXNativeTarget "E-somke" */;
			buildPhases = (
				5559AA92278E6F84FE731FCD /* [CP] Check Pods Manifest.lock */,
				5BF7CA7F223667FF0097CE33 /* Sources */,
				5BF7CA80223667FF0097CE33 /* Frameworks */,
				5BF7CA81223667FF0097CE33 /* Resources */,
				31DA6D28E65EF1D6FB2430C4 /* [CP] Embed Pods Frameworks */,
			);
			buildRules = (
			);
			dependencies = (
			);
			name = "E-somke";
			productName = "E-somke";
			productReference = 5BF7CA83223667FF0097CE33 /* E-somke.app */;
			productType = "com.apple.product-type.application";
		};
/* End PBXNativeTarget section */

/* Begin PBXProject section */
		5BF7CA7B223667FF0097CE33 /* Project object */ = {
			isa = PBXProject;
			attributes = {
				LastSwiftUpdateCheck = 1010;
				LastUpgradeCheck = 1330;
				ORGANIZATIONNAME = "Piotr Żakieta";
				TargetAttributes = {
					5BF7CA82223667FF0097CE33 = {
						CreatedOnToolsVersion = 10.1;
						SystemCapabilities = {
							com.apple.Push = {
								enabled = 1;
							};
						};
					};
				};
			};
			buildConfigurationList = 5BF7CA7E223667FF0097CE33 /* Build configuration list for PBXProject "E-somke" */;
			compatibilityVersion = "Xcode 9.3";
			developmentRegion = en;
			hasScannedForEncodings = 0;
			knownRegions = (
				en,
				Base,
				pl,
			);
			mainGroup = 5BF7CA7A223667FF0097CE33;
			productRefGroup = 5BF7CA84223667FF0097CE33 /* Products */;
			projectDirPath = "";
			projectRoot = "";
			targets = (
				5BF7CA82223667FF0097CE33 /* E-somke */,
			);
		};
/* End PBXProject section */

/* Begin PBXResourcesBuildPhase section */
		5BF7CA81223667FF0097CE33 /* Resources */ = {
			isa = PBXResourcesBuildPhase;
			buildActionMask = 2147483647;
			files = (
				5BF7CA91223668020097CE33 /* Assets.xcassets in Resources */,
				5BF7CA8C223667FF0097CE33 /* Main.storyboard in Resources */,
				5BA6ECFE227493970095AC55 /* GoogleService-Info.plist in Resources */,
				5BC2442022EA2C6600870D57 /* Storyboard.storyboard in Resources */,
			);
			runOnlyForDeploymentPostprocessing = 0;
		};
/* End PBXResourcesBuildPhase section */

/* Begin PBXShellScriptBuildPhase section */
		31DA6D28E65EF1D6FB2430C4 /* [CP] Embed Pods Frameworks */ = {
			isa = PBXShellScriptBuildPhase;
			buildActionMask = 2147483647;
			files = (
			);
			inputFileListPaths = (
				"${PODS_ROOT}/Target Support Files/Pods-E-somke/Pods-E-somke-frameworks-${CONFIGURATION}-input-files.xcfilelist",
			);
			name = "[CP] Embed Pods Frameworks";
			outputFileListPaths = (
				"${PODS_ROOT}/Target Support Files/Pods-E-somke/Pods-E-somke-frameworks-${CONFIGURATION}-output-files.xcfilelist",
			);
			runOnlyForDeploymentPostprocessing = 0;
			shellPath = /bin/sh;
			shellScript = "\"${PODS_ROOT}/Target Support Files/Pods-E-somke/Pods-E-somke-frameworks.sh\"\n";
			showEnvVarsInLog = 0;
		};
		5559AA92278E6F84FE731FCD /* [CP] Check Pods Manifest.lock */ = {
			isa = PBXShellScriptBuildPhase;
			buildActionMask = 2147483647;
			files = (
			);
			inputFileListPaths = (
			);
			inputPaths = (
				"${PODS_PODFILE_DIR_PATH}/Podfile.lock",
				"${PODS_ROOT}/Manifest.lock",
			);
			name = "[CP] Check Pods Manifest.lock";
			outputFileListPaths = (
			);
			outputPaths = (
				"$(DERIVED_FILE_DIR)/Pods-E-somke-checkManifestLockResult.txt",
			);
			runOnlyForDeploymentPostprocessing = 0;
			shellPath = /bin/sh;
			shellScript = "diff \"${PODS_PODFILE_DIR_PATH}/Podfile.lock\" \"${PODS_ROOT}/Manifest.lock\" > /dev/null\nif [ $? != 0 ] ; then\n    # print error to STDERR\n    echo \"error: The sandbox is not in sync with the Podfile.lock. Run 'pod install' or update your CocoaPods installation.\" >&2\n    exit 1\nfi\n# This output is used by Xcode 'outputs' to avoid re-running this script phase.\necho \"SUCCESS\" > \"${SCRIPT_OUTPUT_FILE_0}\"\n";
			showEnvVarsInLog = 0;
		};
/* End PBXShellScriptBuildPhase section */

/* Begin PBXSourcesBuildPhase section */
		5BF7CA7F223667FF0097CE33 /* Sources */ = {
			isa = PBXSourcesBuildPhase;
			buildActionMask = 2147483647;
			files = (
				5B5E356C22DE77040051A3FF /* ViewController.swift in Sources */,
				5B8F7B1B2279ED9D00105E32 /* SaveNewAroma.swift in Sources */,
				5B1F057422BBC38D003069A4 /* HeadCollectionCell.swift in Sources */,
				5B1F057222B3F362003069A4 /* HeadCollectionTable.swift in Sources */,
				5B9019FB22551F9A007A8FF0 /* CreateOwnLiquid.swift in Sources */,
				5BF7CA9C223BB1520097CE33 /* SimpleCalculator.swift in Sources */,
				5B17462022510C8500EAFDF4 /* ScannerBarCode.swift in Sources */,
				5BF7CA87223667FF0097CE33 /* AppDelegate.swift in Sources */,
				5BF7CA8F223667FF0097CE33 /* E_somke.xcdatamodeld in Sources */,
				5B1F057622BBD331003069A4 /* DetailViewCollection.swift in Sources */,
				5B165014228041A300065363 /* SmartCalculator.swift in Sources */,
				5B8F7B1D2279F1E800105E32 /* AromaItem.swift in Sources */,
				5B17461E2250DB4F00EAFDF4 /* AllFunction.swift in Sources */,
				5BCFB48322B28CF800F60E91 /* readyProduct.swift in Sources */,
			);
			runOnlyForDeploymentPostprocessing = 0;
		};
/* End PBXSourcesBuildPhase section */

/* Begin PBXVariantGroup section */
		5BF7CA8A223667FF0097CE33 /* Main.storyboard */ = {
			isa = PBXVariantGroup;
			children = (
				5BF7CA8B223667FF0097CE33 /* Base */,
				5B5AEB7622F03DD200099D7B /* pl */,
			);
			name = Main.storyboard;
			sourceTree = "<group>";
		};
/* End PBXVariantGroup section */

/* Begin XCBuildConfiguration section */
		5BF7CA96223668020097CE33 /* Debug */ = {
			isa = XCBuildConfiguration;
			buildSettings = {
				ALWAYS_SEARCH_USER_PATHS = NO;
				CLANG_ANALYZER_LOCALIZABILITY_NONLOCALIZED = YES;
				CLANG_ANALYZER_NONNULL = YES;
				CLANG_ANALYZER_NUMBER_OBJECT_CONVERSION = YES_AGGRESSIVE;
				CLANG_CXX_LANGUAGE_STANDARD = "gnu++14";
				CLANG_CXX_LIBRARY = "libc++";
				CLANG_ENABLE_MODULES = YES;
				CLANG_ENABLE_OBJC_ARC = YES;
				CLANG_ENABLE_OBJC_WEAK = YES;
				CLANG_WARN_BLOCK_CAPTURE_AUTORELEASING = YES;
				CLANG_WARN_BOOL_CONVERSION = YES;
				CLANG_WARN_COMMA = YES;
				CLANG_WARN_CONSTANT_CONVERSION = YES;
				CLANG_WARN_DEPRECATED_OBJC_IMPLEMENTATIONS = YES;
				CLANG_WARN_DIRECT_OBJC_ISA_USAGE = YES_ERROR;
				CLANG_WARN_DOCUMENTATION_COMMENTS = YES;
				CLANG_WARN_EMPTY_BODY = YES;
				CLANG_WARN_ENUM_CONVERSION = YES;
				CLANG_WARN_INFINITE_RECURSION = YES;
				CLANG_WARN_INT_CONVERSION = YES;
				CLANG_WARN_NON_LITERAL_NULL_CONVERSION = YES;
				CLANG_WARN_OBJC_IMPLICIT_RETAIN_SELF = YES;
				CLANG_WARN_OBJC_LITERAL_CONVERSION = YES;
				CLANG_WARN_OBJC_ROOT_CLASS = YES_ERROR;
				CLANG_WARN_QUOTED_INCLUDE_IN_FRAMEWORK_HEADER = YES;
				CLANG_WARN_RANGE_LOOP_ANALYSIS = YES;
				CLANG_WARN_STRICT_PROTOTYPES = YES;
				CLANG_WARN_SUSPICIOUS_MOVE = YES;
				CLANG_WARN_UNGUARDED_AVAILABILITY = YES_AGGRESSIVE;
				CLANG_WARN_UNREACHABLE_CODE = YES;
				CLANG_WARN__DUPLICATE_METHOD_MATCH = YES;
				CODE_SIGN_IDENTITY = "iPhone Developer";
				COPY_PHASE_STRIP = NO;
				DEBUG_INFORMATION_FORMAT = dwarf;
				ENABLE_STRICT_OBJC_MSGSEND = YES;
				ENABLE_TESTABILITY = YES;
				GCC_C_LANGUAGE_STANDARD = gnu11;
				GCC_DYNAMIC_NO_PIC = NO;
				GCC_NO_COMMON_BLOCKS = YES;
				GCC_OPTIMIZATION_LEVEL = 0;
				GCC_PREPROCESSOR_DEFINITIONS = (
					"DEBUG=1",
					"$(inherited)",
				);
				GCC_WARN_64_TO_32_BIT_CONVERSION = YES;
				GCC_WARN_ABOUT_RETURN_TYPE = YES_ERROR;
				GCC_WARN_UNDECLARED_SELECTOR = YES;
				GCC_WARN_UNINITIALIZED_AUTOS = YES_AGGRESSIVE;
				GCC_WARN_UNUSED_FUNCTION = YES;
				GCC_WARN_UNUSED_VARIABLE = YES;
				IPHONEOS_DEPLOYMENT_TARGET = 13.0;
				MTL_ENABLE_DEBUG_INFO = INCLUDE_SOURCE;
				MTL_FAST_MATH = YES;
				ONLY_ACTIVE_ARCH = YES;
				SDKROOT = iphoneos;
				SWIFT_ACTIVE_COMPILATION_CONDITIONS = DEBUG;
				SWIFT_OPTIMIZATION_LEVEL = "-Onone";
			};
			name = Debug;
		};
		5BF7CA97223668020097CE33 /* Release */ = {
			isa = XCBuildConfiguration;
			buildSettings = {
				ALWAYS_SEARCH_USER_PATHS = NO;
				CLANG_ANALYZER_LOCALIZABILITY_NONLOCALIZED = YES;
				CLANG_ANALYZER_NONNULL = YES;
				CLANG_ANALYZER_NUMBER_OBJECT_CONVERSION = YES_AGGRESSIVE;
				CLANG_CXX_LANGUAGE_STANDARD = "gnu++14";
				CLANG_CXX_LIBRARY = "libc++";
				CLANG_ENABLE_MODULES = YES;
				CLANG_ENABLE_OBJC_ARC = YES;
				CLANG_ENABLE_OBJC_WEAK = YES;
				CLANG_WARN_BLOCK_CAPTURE_AUTORELEASING = YES;
				CLANG_WARN_BOOL_CONVERSION = YES;
				CLANG_WARN_COMMA = YES;
				CLANG_WARN_CONSTANT_CONVERSION = YES;
				CLANG_WARN_DEPRECATED_OBJC_IMPLEMENTATIONS = YES;
				CLANG_WARN_DIRECT_OBJC_ISA_USAGE = YES_ERROR;
				CLANG_WARN_DOCUMENTATION_COMMENTS = YES;
				CLANG_WARN_EMPTY_BODY = YES;
				CLANG_WARN_ENUM_CONVERSION = YES;
				CLANG_WARN_INFINITE_RECURSION = YES;
				CLANG_WARN_INT_CONVERSION = YES;
				CLANG_WARN_NON_LITERAL_NULL_CONVERSION = YES;
				CLANG_WARN_OBJC_IMPLICIT_RETAIN_SELF = YES;
				CLANG_WARN_OBJC_LITERAL_CONVERSION = YES;
				CLANG_WARN_OBJC_ROOT_CLASS = YES_ERROR;
				CLANG_WARN_QUOTED_INCLUDE_IN_FRAMEWORK_HEADER = YES;
				CLANG_WARN_RANGE_LOOP_ANALYSIS = YES;
				CLANG_WARN_STRICT_PROTOTYPES = YES;
				CLANG_WARN_SUSPICIOUS_MOVE = YES;
				CLANG_WARN_UNGUARDED_AVAILABILITY = YES_AGGRESSIVE;
				CLANG_WARN_UNREACHABLE_CODE = YES;
				CLANG_WARN__DUPLICATE_METHOD_MATCH = YES;
				CODE_SIGN_IDENTITY = "iPhone Developer";
				COPY_PHASE_STRIP = NO;
				DEBUG_INFORMATION_FORMAT = "dwarf-with-dsym";
				ENABLE_NS_ASSERTIONS = NO;
				ENABLE_STRICT_OBJC_MSGSEND = YES;
				GCC_C_LANGUAGE_STANDARD = gnu11;
				GCC_NO_COMMON_BLOCKS = YES;
				GCC_WARN_64_TO_32_BIT_CONVERSION = YES;
				GCC_WARN_ABOUT_RETURN_TYPE = YES_ERROR;
				GCC_WARN_UNDECLARED_SELECTOR = YES;
				GCC_WARN_UNINITIALIZED_AUTOS = YES_AGGRESSIVE;
				GCC_WARN_UNUSED_FUNCTION = YES;
				GCC_WARN_UNUSED_VARIABLE = YES;
				IPHONEOS_DEPLOYMENT_TARGET = 13.0;
				MTL_ENABLE_DEBUG_INFO = NO;
				MTL_FAST_MATH = YES;
				ONLY_ACTIVE_ARCH = YES;
				SDKROOT = iphoneos;
				SWIFT_COMPILATION_MODE = wholemodule;
				SWIFT_OPTIMIZATION_LEVEL = "-O";
				VALIDATE_PRODUCT = YES;
			};
			name = Release;
		};
		5BF7CA99223668020097CE33 /* Debug */ = {
			isa = XCBuildConfiguration;
			baseConfigurationReference = 4A6089E0B8E2A4156B9A57AE /* Pods-E-somke.debug.xcconfig */;
			buildSettings = {
				ASSETCATALOG_COMPILER_APPICON_NAME = AppIcon;
				CODE_SIGN_ENTITLEMENTS = "E-somke/E-somke.entitlements";
				CODE_SIGN_STYLE = Automatic;
				CURRENT_PROJECT_VERSION = 1;
				DEVELOPMENT_TEAM = BN8865DEPV;
				"EXCLUDED_ARCHS[sdk=*]" = arm64;
				INFOPLIST_FILE = "E-somke/Info.plist";
				IPHONEOS_DEPLOYMENT_TARGET = 13.0;
				LD_RUNPATH_SEARCH_PATHS = (
					"$(inherited)",
					"@executable_path/Frameworks",
				);
				MARKETING_VERSION = 1.1.2;
				PRODUCT_BUNDLE_IDENTIFIER = "com.zakieta.E-somke";
				PRODUCT_NAME = "$(TARGET_NAME)";
				SWIFT_VERSION = 4.2;
				TARGETED_DEVICE_FAMILY = 1;
			};
			name = Debug;
		};
		5BF7CA9A223668020097CE33 /* Release */ = {
			isa = XCBuildConfiguration;
			baseConfigurationReference = ECF3912C6641BE1A51C5A34F /* Pods-E-somke.release.xcconfig */;
			buildSettings = {
				ASSETCATALOG_COMPILER_APPICON_NAME = AppIcon;
				CODE_SIGN_ENTITLEMENTS = "E-somke/E-somke.entitlements";
				CODE_SIGN_STYLE = Automatic;
				CURRENT_PROJECT_VERSION = 1;
				DEVELOPMENT_TEAM = BN8865DEPV;
				"EXCLUDED_ARCHS[sdk=*]" = arm64;
				INFOPLIST_FILE = "E-somke/Info.plist";
				IPHONEOS_DEPLOYMENT_TARGET = 13.0;
				LD_RUNPATH_SEARCH_PATHS = (
					"$(inherited)",
					"@executable_path/Frameworks",
				);
				MARKETING_VERSION = 1.1.2;
				PRODUCT_BUNDLE_IDENTIFIER = "com.zakieta.E-somke";
				PRODUCT_NAME = "$(TARGET_NAME)";
				SWIFT_VERSION = 4.2;
				TARGETED_DEVICE_FAMILY = 1;
			};
			name = Release;
		};
/* End XCBuildConfiguration section */

/* Begin XCConfigurationList section */
		5BF7CA7E223667FF0097CE33 /* Build configuration list for PBXProject "E-somke" */ = {
			isa = XCConfigurationList;
			buildConfigurations = (
				5BF7CA96223668020097CE33 /* Debug */,
				5BF7CA97223668020097CE33 /* Release */,
			);
			defaultConfigurationIsVisible = 0;
			defaultConfigurationName = Release;
		};
		5BF7CA98223668020097CE33 /* Build configuration list for PBXNativeTarget "E-somke" */ = {
			isa = XCConfigurationList;
			buildConfigurations = (
				5BF7CA99223668020097CE33 /* Debug */,
				5BF7CA9A223668020097CE33 /* Release */,
			);
			defaultConfigurationIsVisible = 0;
			defaultConfigurationName = Release;
		};
/* End XCConfigurationList section */

/* Begin XCVersionGroup section */
		5BF7CA8D223667FF0097CE33 /* E_somke.xcdatamodeld */ = {
			isa = XCVersionGroup;
			children = (
				5BF7CA8E223667FF0097CE33 /* E_somke.xcdatamodel */,
			);
			currentVersion = 5BF7CA8E223667FF0097CE33 /* E_somke.xcdatamodel */;
			path = E_somke.xcdatamodeld;
			sourceTree = "<group>";
			versionGroupType = wrapper.xcdatamodel;
		};
/* End XCVersionGroup section */
	};
	rootObject = 5BF7CA7B223667FF0097CE33 /* Project object */;
}
